// !$*UTF8*$!
{
	archiveVersion = 1;
	classes = {
	};
	objectVersion = 51;
	objects = {

/* Begin PBXBuildFile section */
		18A2577A257A759B00755578 /* AppDelegate.swift in Sources */ = {isa = PBXBuildFile; fileRef = 18A25779257A759B00755578 /* AppDelegate.swift */; };
		18A2577C257A759B00755578 /* SceneDelegate.swift in Sources */ = {isa = PBXBuildFile; fileRef = 18A2577B257A759B00755578 /* SceneDelegate.swift */; };
		18A2577E257A759B00755578 /* ViewController.swift in Sources */ = {isa = PBXBuildFile; fileRef = 18A2577D257A759B00755578 /* ViewController.swift */; };
		18A25781257A759B00755578 /* Main.storyboard in Resources */ = {isa = PBXBuildFile; fileRef = 18A2577F257A759B00755578 /* Main.storyboard */; };
		18A25783257A759D00755578 /* Assets.xcassets in Resources */ = {isa = PBXBuildFile; fileRef = 18A25782257A759D00755578 /* Assets.xcassets */; };
		18A25786257A759D00755578 /* LaunchScreen.storyboard in Resources */ = {isa = PBXBuildFile; fileRef = 18A25784257A759D00755578 /* LaunchScreen.storyboard */; };
		18A25793257A827400755578 /* Cell.swift in Sources */ = {isa = PBXBuildFile; fileRef = 18A25792257A827400755578 /* Cell.swift */; };
		18A25796257A867C00755578 /* NetworkManager.swift in Sources */ = {isa = PBXBuildFile; fileRef = 18A25795257A867C00755578 /* NetworkManager.swift */; };
		18B28266257A878900419CEA /* Model.swift in Sources */ = {isa = PBXBuildFile; fileRef = 18B28265257A878900419CEA /* Model.swift */; };
		18B2826A257FB84C00419CEA /* ConverterViewController.swift in Sources */ = {isa = PBXBuildFile; fileRef = 18B28269257FB84C00419CEA /* ConverterViewController.swift */; };
		AFD9B0DD400979F96C4D04DC /* Pods_ExchangeRates.framework in Frameworks */ = {isa = PBXBuildFile; fileRef = EA14F8010918E8877F57D8C7 /* Pods_ExchangeRates.framework */; };
/* End PBXBuildFile section */

/* Begin PBXFileReference section */
		18A25776257A759B00755578 /* ExchangeRates.app */ = {isa = PBXFileReference; explicitFileType = wrapper.application; includeInIndex = 0; path = ExchangeRates.app; sourceTree = BUILT_PRODUCTS_DIR; };
		18A25779257A759B00755578 /* AppDelegate.swift */ = {isa = PBXFileReference; lastKnownFileType = sourcecode.swift; path = AppDelegate.swift; sourceTree = "<group>"; };
		18A2577B257A759B00755578 /* SceneDelegate.swift */ = {isa = PBXFileReference; lastKnownFileType = sourcecode.swift; path = SceneDelegate.swift; sourceTree = "<group>"; };
		18A2577D257A759B00755578 /* ViewController.swift */ = {isa = PBXFileReference; lastKnownFileType = sourcecode.swift; path = ViewController.swift; sourceTree = "<group>"; };
		18A25780257A759B00755578 /* Base */ = {isa = PBXFileReference; lastKnownFileType = file.storyboard; name = Base; path = Base.lproj/Main.storyboard; sourceTree = "<group>"; };
		18A25782257A759D00755578 /* Assets.xcassets */ = {isa = PBXFileReference; lastKnownFileType = folder.assetcatalog; path = Assets.xcassets; sourceTree = "<group>"; };
		18A25785257A759D00755578 /* Base */ = {isa = PBXFileReference; lastKnownFileType = file.storyboard; name = Base; path = Base.lproj/LaunchScreen.storyboard; sourceTree = "<group>"; };
		18A25787257A759D00755578 /* Info.plist */ = {isa = PBXFileReference; lastKnownFileType = text.plist.xml; path = Info.plist; sourceTree = "<group>"; };
		18A25792257A827400755578 /* Cell.swift */ = {isa = PBXFileReference; lastKnownFileType = sourcecode.swift; path = Cell.swift; sourceTree = "<group>"; };
		18A25795257A867C00755578 /* NetworkManager.swift */ = {isa = PBXFileReference; lastKnownFileType = sourcecode.swift; path = NetworkManager.swift; sourceTree = "<group>"; };
		18B28265257A878900419CEA /* Model.swift */ = {isa = PBXFileReference; lastKnownFileType = sourcecode.swift; path = Model.swift; sourceTree = "<group>"; };
		18B28269257FB84C00419CEA /* ConverterViewController.swift */ = {isa = PBXFileReference; fileEncoding = 4; lastKnownFileType = sourcecode.swift; path = ConverterViewController.swift; sourceTree = "<group>"; };
		1EF8885AF37DC950089F60A6 /* Pods-ExchangeRates.debug.xcconfig */ = {isa = PBXFileReference; includeInIndex = 1; lastKnownFileType = text.xcconfig; name = "Pods-ExchangeRates.debug.xcconfig"; path = "Target Support Files/Pods-ExchangeRates/Pods-ExchangeRates.debug.xcconfig"; sourceTree = "<group>"; };
		AB4B0E59C706944569354772 /* Pods-ExchangeRates.release.xcconfig */ = {isa = PBXFileReference; includeInIndex = 1; lastKnownFileType = text.xcconfig; name = "Pods-ExchangeRates.release.xcconfig"; path = "Target Support Files/Pods-ExchangeRates/Pods-ExchangeRates.release.xcconfig"; sourceTree = "<group>"; };
		EA14F8010918E8877F57D8C7 /* Pods_ExchangeRates.framework */ = {isa = PBXFileReference; explicitFileType = wrapper.framework; includeInIndex = 0; path = Pods_ExchangeRates.framework; sourceTree = BUILT_PRODUCTS_DIR; };
/* End PBXFileReference section */

/* Begin PBXFrameworksBuildPhase section */
		18A25773257A759B00755578 /* Frameworks */ = {
			isa = PBXFrameworksBuildPhase;
			buildActionMask = 2147483647;
			files = (
				AFD9B0DD400979F96C4D04DC /* Pods_ExchangeRates.framework in Frameworks */,
			);
			runOnlyForDeploymentPostprocessing = 0;
		};
/* End PBXFrameworksBuildPhase section */

/* Begin PBXGroup section */
		18A2576D257A759B00755578 = {
			isa = PBXGroup;
			children = (
				18A25778257A759B00755578 /* ExchangeRates */,
				18A25777257A759B00755578 /* Products */,
				5D0EC628AA26CECA13F18FA7 /* Pods */,
				D3AF18D1260F657D1B04F659 /* Frameworks */,
			);
			sourceTree = "<group>";
		};
		18A25777257A759B00755578 /* Products */ = {
			isa = PBXGroup;
			children = (
				18A25776257A759B00755578 /* ExchangeRates.app */,
			);
			name = Products;
			sourceTree = "<group>";
		};
		18A25778257A759B00755578 /* ExchangeRates */ = {
			isa = PBXGroup;
			children = (
				18B2826F257FBF5E00419CEA /* Networking */,
				18B2826E257FBF4A00419CEA /* Cells */,
				18B2826D257FBF1C00419CEA /* Other */,
				18B2826C257FBF0700419CEA /* ViewControllers */,
				18B28270257FBF7500419CEA /* Models */,
				18A25787257A759D00755578 /* Info.plist */,
			);
			path = ExchangeRates;
			sourceTree = "<group>";
		};
		18B2826C257FBF0700419CEA /* ViewControllers */ = {
			isa = PBXGroup;
			children = (
				18A2577D257A759B00755578 /* ViewController.swift */,
				18B28269257FB84C00419CEA /* ConverterViewController.swift */,
			);
			path = ViewControllers;
			sourceTree = "<group>";
		};
		18B2826D257FBF1C00419CEA /* Other */ = {
			isa = PBXGroup;
			children = (
				18A25779257A759B00755578 /* AppDelegate.swift */,
				18A2577B257A759B00755578 /* SceneDelegate.swift */,
				18A2577F257A759B00755578 /* Main.storyboard */,
				18A25784257A759D00755578 /* LaunchScreen.storyboard */,
				18A25782257A759D00755578 /* Assets.xcassets */,
			);
			path = Other;
			sourceTree = "<group>";
		};
		18B2826E257FBF4A00419CEA /* Cells */ = {
			isa = PBXGroup;
			children = (
				18A25792257A827400755578 /* Cell.swift */,
			);
			path = Cells;
			sourceTree = "<group>";
		};
		18B2826F257FBF5E00419CEA /* Networking */ = {
			isa = PBXGroup;
			children = (
				18A25795257A867C00755578 /* NetworkManager.swift */,
			);
			path = Networking;
			sourceTree = "<group>";
		};
		18B28270257FBF7500419CEA /* Models */ = {
			isa = PBXGroup;
			children = (
				18B28265257A878900419CEA /* Model.swift */,
			);
			path = Models;
			sourceTree = "<group>";
		};
		5D0EC628AA26CECA13F18FA7 /* Pods */ = {
			isa = PBXGroup;
			children = (
				1EF8885AF37DC950089F60A6 /* Pods-ExchangeRates.debug.xcconfig */,
				AB4B0E59C706944569354772 /* Pods-ExchangeRates.release.xcconfig */,
			);
			path = Pods;
			sourceTree = "<group>";
		};
		D3AF18D1260F657D1B04F659 /* Frameworks */ = {
			isa = PBXGroup;
			children = (
				EA14F8010918E8877F57D8C7 /* Pods_ExchangeRates.framework */,
			);
			name = Frameworks;
			sourceTree = "<group>";
		};
/* End PBXGroup section */

/* Begin PBXNativeTarget section */
		18A25775257A759B00755578 /* ExchangeRates */ = {
			isa = PBXNativeTarget;
			buildConfigurationList = 18A2578A257A759D00755578 /* Build configuration list for PBXNativeTarget "ExchangeRates" */;
			buildPhases = (
				AF876F118DB4065C2CA3F976 /* [CP] Check Pods Manifest.lock */,
				18A25772257A759B00755578 /* Sources */,
				18A25773257A759B00755578 /* Frameworks */,
				18A25774257A759B00755578 /* Resources */,
				F8138CFAD5DEB472658784DE /* [CP] Embed Pods Frameworks */,
			);
			buildRules = (
			);
			dependencies = (
			);
			name = ExchangeRates;
			productName = ExchangeRates;
			productReference = 18A25776257A759B00755578 /* ExchangeRates.app */;
			productType = "com.apple.product-type.application";
		};
/* End PBXNativeTarget section */

/* Begin PBXProject section */
		18A2576E257A759B00755578 /* Project object */ = {
			isa = PBXProject;
			attributes = {
				LastSwiftUpdateCheck = 1200;
				LastUpgradeCheck = 1200;
				TargetAttributes = {
					18A25775257A759B00755578 = {
						CreatedOnToolsVersion = 12.0.1;
					};
				};
			};
			buildConfigurationList = 18A25771257A759B00755578 /* Build configuration list for PBXProject "ExchangeRates" */;
			compatibilityVersion = "Xcode 9.3";
			developmentRegion = en;
			hasScannedForEncodings = 0;
			knownRegions = (
				en,
				Base,
			);
			mainGroup = 18A2576D257A759B00755578;
			productRefGroup = 18A25777257A759B00755578 /* Products */;
			projectDirPath = "";
			projectRoot = "";
			targets = (
				18A25775257A759B00755578 /* ExchangeRates */,
			);
		};
/* End PBXProject section */

/* Begin PBXResourcesBuildPhase section */
		18A25774257A759B00755578 /* Resources */ = {
			isa = PBXResourcesBuildPhase;
			buildActionMask = 2147483647;
			files = (
				18A25786257A759D00755578 /* LaunchScreen.storyboard in Resources */,
				18A25783257A759D00755578 /* Assets.xcassets in Resources */,
				18A25781257A759B00755578 /* Main.storyboard in Resources */,
			);
			runOnlyForDeploymentPostprocessing = 0;
		};
/* End PBXResourcesBuildPhase section */

/* Begin PBXShellScriptBuildPhase section */
		AF876F118DB4065C2CA3F976 /* [CP] Check Pods Manifest.lock */ = {
			isa = PBXShellScriptBuildPhase;
			buildActionMask = 2147483647;
			files = (
			);
			inputFileListPaths = (
			);
			inputPaths = (
				"${PODS_PODFILE_DIR_PATH}/Podfile.lock",
				"${PODS_ROOT}/Manifest.lock",
			);
			name = "[CP] Check Pods Manifest.lock";
			outputFileListPaths = (
			);
			outputPaths = (
				"$(DERIVED_FILE_DIR)/Pods-ExchangeRates-checkManifestLockResult.txt",
			);
			runOnlyForDeploymentPostprocessing = 0;
			shellPath = /bin/sh;
			shellScript = "diff \"${PODS_PODFILE_DIR_PATH}/Podfile.lock\" \"${PODS_ROOT}/Manifest.lock\" > /dev/null\nif [ $? != 0 ] ; then\n    # print error to STDERR\n    echo \"error: The sandbox is not in sync with the Podfile.lock. Run 'pod install' or update your CocoaPods installation.\" >&2\n    exit 1\nfi\n# This output is used by Xcode 'outputs' to avoid re-running this script phase.\necho \"SUCCESS\" > \"${SCRIPT_OUTPUT_FILE_0}\"\n";
			showEnvVarsInLog = 0;
		};
		F8138CFAD5DEB472658784DE /* [CP] Embed Pods Frameworks */ = {
			isa = PBXShellScriptBuildPhase;
			buildActionMask = 2147483647;
			files = (
			);
			inputFileListPaths = (
				"${PODS_ROOT}/Target Support Files/Pods-ExchangeRates/Pods-ExchangeRates-frameworks-${CONFIGURATION}-input-files.xcfilelist",
			);
			name = "[CP] Embed Pods Frameworks";
			outputFileListPaths = (
				"${PODS_ROOT}/Target Support Files/Pods-ExchangeRates/Pods-ExchangeRates-frameworks-${CONFIGURATION}-output-files.xcfilelist",
			);
			runOnlyForDeploymentPostprocessing = 0;
			shellPath = /bin/sh;
			shellScript = "\"${PODS_ROOT}/Target Support Files/Pods-ExchangeRates/Pods-ExchangeRates-frameworks.sh\"\n";
			showEnvVarsInLog = 0;
		};
/* End PBXShellScriptBuildPhase section */

/* Begin PBXSourcesBuildPhase section */
		18A25772257A759B00755578 /* Sources */ = {
			isa = PBXSourcesBuildPhase;
			buildActionMask = 2147483647;
			files = (
				18B28266257A878900419CEA /* Model.swift in Sources */,
				18A25796257A867C00755578 /* NetworkManager.swift in Sources */,
				18A2577E257A759B00755578 /* ViewController.swift in Sources */,
				18A2577A257A759B00755578 /* AppDelegate.swift in Sources */,
				18A25793257A827400755578 /* Cell.swift in Sources */,
				18B2826A257FB84C00419CEA /* ConverterViewController.swift in Sources */,
				18A2577C257A759B00755578 /* SceneDelegate.swift in Sources */,
			);
			runOnlyForDeploymentPostprocessing = 0;
		};
/* End PBXSourcesBuildPhase section */

/* Begin PBXVariantGroup section */
		18A2577F257A759B00755578 /* Main.storyboard */ = {
			isa = PBXVariantGroup;
			children = (
				18A25780257A759B00755578 /* Base */,
			);
			name = Main.storyboard;
			sourceTree = "<group>";
		};
		18A25784257A759D00755578 /* LaunchScreen.storyboard */ = {
			isa = PBXVariantGroup;
			children = (
				18A25785257A759D00755578 /* Base */,
			);
			name = LaunchScreen.storyboard;
			sourceTree = "<group>";
		};
/* End PBXVariantGroup section */

/* Begin XCBuildConfiguration section */
		18A25788257A759D00755578 /* Debug */ = {
			isa = XCBuildConfiguration;
			buildSettings = {
				ALWAYS_SEARCH_USER_PATHS = NO;
				CLANG_ANALYZER_NONNULL = YES;
				CLANG_ANALYZER_NUMBER_OBJECT_CONVERSION = YES_AGGRESSIVE;
				CLANG_CXX_LANGUAGE_STANDARD = "gnu++14";
				CLANG_CXX_LIBRARY = "libc++";
				CLANG_ENABLE_MODULES = YES;
				CLANG_ENABLE_OBJC_ARC = YES;
				CLANG_ENABLE_OBJC_WEAK = YES;
				CLANG_WARN_BLOCK_CAPTURE_AUTORELEASING = YES;
				CLANG_WARN_BOOL_CONVERSION = YES;
				CLANG_WARN_COMMA = YES;
				CLANG_WARN_CONSTANT_CONVERSION = YES;
				CLANG_WARN_DEPRECATED_OBJC_IMPLEMENTATIONS = YES;
				CLANG_WARN_DIRECT_OBJC_ISA_USAGE = YES_ERROR;
				CLANG_WARN_DOCUMENTATION_COMMENTS = YES;
				CLANG_WARN_EMPTY_BODY = YES;
				CLANG_WARN_ENUM_CONVERSION = YES;
				CLANG_WARN_INFINITE_RECURSION = YES;
				CLANG_WARN_INT_CONVERSION = YES;
				CLANG_WARN_NON_LITERAL_NULL_CONVERSION = YES;
				CLANG_WARN_OBJC_IMPLICIT_RETAIN_SELF = YES;
				CLANG_WARN_OBJC_LITERAL_CONVERSION = YES;
				CLANG_WARN_OBJC_ROOT_CLASS = YES_ERROR;
				CLANG_WARN_QUOTED_INCLUDE_IN_FRAMEWORK_HEADER = YES;
				CLANG_WARN_RANGE_LOOP_ANALYSIS = YES;
				CLANG_WARN_STRICT_PROTOTYPES = YES;
				CLANG_WARN_SUSPICIOUS_MOVE = YES;
				CLANG_WARN_UNGUARDED_AVAILABILITY = YES_AGGRESSIVE;
				CLANG_WARN_UNREACHABLE_CODE = YES;
				CLANG_WARN__DUPLICATE_METHOD_MATCH = YES;
				COPY_PHASE_STRIP = NO;
				DEBUG_INFORMATION_FORMAT = dwarf;
				ENABLE_STRICT_OBJC_MSGSEND = YES;
				ENABLE_TESTABILITY = YES;
				GCC_C_LANGUAGE_STANDARD = gnu11;
				GCC_DYNAMIC_NO_PIC = NO;
				GCC_NO_COMMON_BLOCKS = YES;
				GCC_OPTIMIZATION_LEVEL = 0;
				GCC_PREPROCESSOR_DEFINITIONS = (
					"DEBUG=1",
					"$(inherited)",
				);
				GCC_WARN_64_TO_32_BIT_CONVERSION = YES;
				GCC_WARN_ABOUT_RETURN_TYPE = YES_ERROR;
				GCC_WARN_UNDECLARED_SELECTOR = YES;
				GCC_WARN_UNINITIALIZED_AUTOS = YES_AGGRESSIVE;
				GCC_WARN_UNUSED_FUNCTION = YES;
				GCC_WARN_UNUSED_VARIABLE = YES;
				IPHONEOS_DEPLOYMENT_TARGET = 14.0;
				MTL_ENABLE_DEBUG_INFO = INCLUDE_SOURCE;
				MTL_FAST_MATH = YES;
				ONLY_ACTIVE_ARCH = YES;
				SDKROOT = iphoneos;
				SWIFT_ACTIVE_COMPILATION_CONDITIONS = DEBUG;
				SWIFT_OPTIMIZATION_LEVEL = "-Onone";
			};
			name = Debug;
		};
		18A25789257A759D00755578 /* Release */ = {
			isa = XCBuildConfiguration;
			buildSettings = {
				ALWAYS_SEARCH_USER_PATHS = NO;
				CLANG_ANALYZER_NONNULL = YES;
				CLANG_ANALYZER_NUMBER_OBJECT_CONVERSION = YES_AGGRESSIVE;
				CLANG_CXX_LANGUAGE_STANDARD = "gnu++14";
				CLANG_CXX_LIBRARY = "libc++";
				CLANG_ENABLE_MODULES = YES;
				CLANG_ENABLE_OBJC_ARC = YES;
				CLANG_ENABLE_OBJC_WEAK = YES;
				CLANG_WARN_BLOCK_CAPTURE_AUTORELEASING = YES;
				CLANG_WARN_BOOL_CONVERSION = YES;
				CLANG_WARN_COMMA = YES;
				CLANG_WARN_CONSTANT_CONVERSION = YES;
				CLANG_WARN_DEPRECATED_OBJC_IMPLEMENTATIONS = YES;
				CLANG_WARN_DIRECT_OBJC_ISA_USAGE = YES_ERROR;
				CLANG_WARN_DOCUMENTATION_COMMENTS = YES;
				CLANG_WARN_EMPTY_BODY = YES;
				CLANG_WARN_ENUM_CONVERSION = YES;
				CLANG_WARN_INFINITE_RECURSION = YES;
				CLANG_WARN_INT_CONVERSION = YES;
				CLANG_WARN_NON_LITERAL_NULL_CONVERSION = YES;
				CLANG_WARN_OBJC_IMPLICIT_RETAIN_SELF = YES;
				CLANG_WARN_OBJC_LITERAL_CONVERSION = YES;
				CLANG_WARN_OBJC_ROOT_CLASS = YES_ERROR;
				CLANG_WARN_QUOTED_INCLUDE_IN_FRAMEWORK_HEADER = YES;
				CLANG_WARN_RANGE_LOOP_ANALYSIS = YES;
				CLANG_WARN_STRICT_PROTOTYPES = YES;
				CLANG_WARN_SUSPICIOUS_MOVE = YES;
				CLANG_WARN_UNGUARDED_AVAILABILITY = YES_AGGRESSIVE;
				CLANG_WARN_UNREACHABLE_CODE = YES;
				CLANG_WARN__DUPLICATE_METHOD_MATCH = YES;
				COPY_PHASE_STRIP = NO;
				DEBUG_INFORMATION_FORMAT = "dwarf-with-dsym";
				ENABLE_NS_ASSERTIONS = NO;
				ENABLE_STRICT_OBJC_MSGSEND = YES;
				GCC_C_LANGUAGE_STANDARD = gnu11;
				GCC_NO_COMMON_BLOCKS = YES;
				GCC_WARN_64_TO_32_BIT_CONVERSION = YES;
				GCC_WARN_ABOUT_RETURN_TYPE = YES_ERROR;
				GCC_WARN_UNDECLARED_SELECTOR = YES;
				GCC_WARN_UNINITIALIZED_AUTOS = YES_AGGRESSIVE;
				GCC_WARN_UNUSED_FUNCTION = YES;
				GCC_WARN_UNUSED_VARIABLE = YES;
				IPHONEOS_DEPLOYMENT_TARGET = 14.0;
				MTL_ENABLE_DEBUG_INFO = NO;
				MTL_FAST_MATH = YES;
				SDKROOT = iphoneos;
				SWIFT_COMPILATION_MODE = wholemodule;
				SWIFT_OPTIMIZATION_LEVEL = "-O";
				VALIDATE_PRODUCT = YES;
			};
			name = Release;
		};
		18A2578B257A759D00755578 /* Debug */ = {
			isa = XCBuildConfiguration;
			baseConfigurationReference = 1EF8885AF37DC950089F60A6 /* Pods-ExchangeRates.debug.xcconfig */;
			buildSettings = {
				ASSETCATALOG_COMPILER_APPICON_NAME = AppIcon;
				ASSETCATALOG_COMPILER_GLOBAL_ACCENT_COLOR_NAME = AccentColor;
				CODE_SIGN_STYLE = Automatic;
				DEVELOPMENT_TEAM = 5S8F47Y6YL;
				INFOPLIST_FILE = ExchangeRates/Info.plist;
				LD_RUNPATH_SEARCH_PATHS = (
					"$(inherited)",
					"@executable_path/Frameworks",
				);
				PRODUCT_BUNDLE_IDENTIFIER = "Evgeniy-Chernyshov.ExchangeRates";
				PRODUCT_NAME = "$(TARGET_NAME)";
				SWIFT_VERSION = 5.0;
				TARGETED_DEVICE_FAMILY = "1,2";
			};
			name = Debug;
		};
		18A2578C257A759D00755578 /* Release */ = {
			isa = XCBuildConfiguration;
			baseConfigurationReference = AB4B0E59C706944569354772 /* Pods-ExchangeRates.release.xcconfig */;
			buildSettings = {
				ASSETCATALOG_COMPILER_APPICON_NAME = AppIcon;
				ASSETCATALOG_COMPILER_GLOBAL_ACCENT_COLOR_NAME = AccentColor;
				CODE_SIGN_STYLE = Automatic;
				DEVELOPMENT_TEAM = 5S8F47Y6YL;
				INFOPLIST_FILE = ExchangeRates/Info.plist;
				LD_RUNPATH_SEARCH_PATHS = (
					"$(inherited)",
					"@executable_path/Frameworks",
				);
				PRODUCT_BUNDLE_IDENTIFIER = "Evgeniy-Chernyshov.ExchangeRates";
				PRODUCT_NAME = "$(TARGET_NAME)";
				SWIFT_VERSION = 5.0;
				TARGETED_DEVICE_FAMILY = "1,2";
			};
			name = Release;
		};
/* End XCBuildConfiguration section */

/* Begin XCConfigurationList section */
		18A25771257A759B00755578 /* Build configuration list for PBXProject "ExchangeRates" */ = {
			isa = XCConfigurationList;
			buildConfigurations = (
				18A25788257A759D00755578 /* Debug */,
				18A25789257A759D00755578 /* Release */,
			);
			defaultConfigurationIsVisible = 0;
			defaultConfigurationName = Release;
		};
		18A2578A257A759D00755578 /* Build configuration list for PBXNativeTarget "ExchangeRates" */ = {
			isa = XCConfigurationList;
			buildConfigurations = (
				18A2578B257A759D00755578 /* Debug */,
				18A2578C257A759D00755578 /* Release */,
			);
			defaultConfigurationIsVisible = 0;
			defaultConfigurationName = Release;
		};
/* End XCConfigurationList section */
	};
	rootObject = 18A2576E257A759B00755578 /* Project object */;
}
